
Microsoft Visual Studio Solution File, Format Version 12.00
# Visual Studio Version 17
VisualStudioVersion = 17.1.32210.238
MinimumVisualStudioVersion = 10.0.40219.1
Project("{FAE04EC0-301F-11D3-BF4B-00C04F79EFBC}") = "Lab 2 Wpf", "Lab 2 Wpf\Lab 2 Wpf.csproj", "{B6737633-D719-4140-9E54-4922904D820A}"
EndProject
Global
	GlobalSection(SolutionConfigurationPlatforms) = preSolution
		Debug|Any CPU = Debug|Any CPU
		Release|Any CPU = Release|Any CPU
	EndGlobalSection
	GlobalSection(ProjectConfigurationPlatforms) = postSolution
		{B6737633-D719-4140-9E54-4922904D820A}.Debug|Any CPU.ActiveCfg = Debug|Any CPU
		{B6737633-D719-4140-9E54-4922904D820A}.Debug|Any CPU.Build.0 = Debug|Any CPU
		{B6737633-D719-4140-9E54-4922904D820A}.Release|Any CPU.ActiveCfg = Release|Any CPU
		{B6737633-D719-4140-9E54-4922904D820A}.Release|Any CPU.Build.0 = Release|Any CPU
	EndGlobalSection
	GlobalSection(SolutionProperties) = preSolution
		HideSolutionNode = FALSE
	EndGlobalSection
	GlobalSection(ExtensibilityGlobals) = postSolution
		SolutionGuid = {820D190E-DB6C-4480-95D6-58B5783B94F2}
	EndGlobalSection
EndGlobal
